
Microsoft Visual Studio Solution File, Format Version 12.00
# Visual Studio Version 17
VisualStudioVersion = 17.8.34601.278
MinimumVisualStudioVersion = 10.0.40219.1
Project("{FAE04EC0-301F-11D3-BF4B-00C04F79EFBC}") = "OrangeTreeSim", "OrangeTreeSim\OrangeTreeSim.csproj", "{34A60F45-61E1-4BE5-ACBD-16C94E3EEA2B}"
EndProject
Project("{FAE04EC0-301F-11D3-BF4B-00C04F79EFBC}") = "OrangeTreeTest", "OrangeTreeTest\OrangeTreeTest.csproj", "{FB70BEF5-16C6-4912-AEDA-B2D0EF4C986C}"
EndProject
Global
	GlobalSection(SolutionConfigurationPlatforms) = preSolution
		Debug|Any CPU = Debug|Any CPU
		Release|Any CPU = Release|Any CPU
	EndGlobalSection
	GlobalSection(ProjectConfigurationPlatforms) = postSolution
		{34A60F45-61E1-4BE5-ACBD-16C94E3EEA2B}.Debug|Any CPU.ActiveCfg = Debug|Any CPU
		{34A60F45-61E1-4BE5-ACBD-16C94E3EEA2B}.Debug|Any CPU.Build.0 = Debug|Any CPU
		{34A60F45-61E1-4BE5-ACBD-16C94E3EEA2B}.Release|Any CPU.ActiveCfg = Release|Any CPU
		{34A60F45-61E1-4BE5-ACBD-16C94E3EEA2B}.Release|Any CPU.Build.0 = Release|Any CPU
		{FB70BEF5-16C6-4912-AEDA-B2D0EF4C986C}.Debug|Any CPU.ActiveCfg = Debug|Any CPU
		{FB70BEF5-16C6-4912-AEDA-B2D0EF4C986C}.Debug|Any CPU.Build.0 = Debug|Any CPU
		{FB70BEF5-16C6-4912-AEDA-B2D0EF4C986C}.Release|Any CPU.ActiveCfg = Release|Any CPU
		{FB70BEF5-16C6-4912-AEDA-B2D0EF4C986C}.Release|Any CPU.Build.0 = Release|Any CPU
	EndGlobalSection
	GlobalSection(SolutionProperties) = preSolution
		HideSolutionNode = FALSE
	EndGlobalSection
	GlobalSection(ExtensibilityGlobals) = postSolution
		SolutionGuid = {8C04BA46-ED74-4964-A0FF-C5E2572425B6}
	EndGlobalSection
EndGlobal
